
Microsoft Visual Studio Solution File, Format Version 12.00
# Visual Studio 15
VisualStudioVersion = 15.0.27703.2026
MinimumVisualStudioVersion = 10.0.40219.1
Project("{888888A0-9F3D-457C-B088-3A5042F75D52}") = "AutoReportCheck", "AutoReportCheck.pyproj", "{D476EA69-0AD9-43B7-B924-B224B8D9FA09}"
EndProject
Global
	GlobalSection(SolutionConfigurationPlatforms) = preSolution
		Debug|Any CPU = Debug|Any CPU
		Release|Any CPU = Release|Any CPU
	EndGlobalSection
	GlobalSection(ProjectConfigurationPlatforms) = postSolution
		{D476EA69-0AD9-43B7-B924-B224B8D9FA09}.Debug|Any CPU.ActiveCfg = Debug|Any CPU
		{D476EA69-0AD9-43B7-B924-B224B8D9FA09}.Release|Any CPU.ActiveCfg = Release|Any CPU
	EndGlobalSection
	GlobalSection(SolutionProperties) = preSolution
		HideSolutionNode = FALSE
	EndGlobalSection
	GlobalSection(ExtensibilityGlobals) = postSolution
		SolutionGuid = {215EB3F9-F008-4FBE-9511-7CA81C9929EB}
	EndGlobalSection
EndGlobal
